
Microsoft Visual Studio Solution File, Format Version 12.00
# Visual Studio 15
VisualStudioVersion = 15.0.28307.421
MinimumVisualStudioVersion = 10.0.40219.1
Project("{FAE04EC0-301F-11D3-BF4B-00C04F79EFBC}") = "ZpenSample", "ZpenSample\ZpenSample.csproj", "{29F371EA-58E8-46A7-8470-12EA57165461}"
EndProject
Global
	GlobalSection(SolutionConfigurationPlatforms) = preSolution
		Debug|Any CPU = Debug|Any CPU
		Release|Any CPU = Release|Any CPU
	EndGlobalSection
	GlobalSection(ProjectConfigurationPlatforms) = postSolution
		{29F371EA-58E8-46A7-8470-12EA57165461}.Debug|Any CPU.ActiveCfg = Debug|Any CPU
		{29F371EA-58E8-46A7-8470-12EA57165461}.Debug|Any CPU.Build.0 = Debug|Any CPU
		{29F371EA-58E8-46A7-8470-12EA57165461}.Release|Any CPU.ActiveCfg = Release|Any CPU
		{29F371EA-58E8-46A7-8470-12EA57165461}.Release|Any CPU.Build.0 = Release|Any CPU
	EndGlobalSection
	GlobalSection(SolutionProperties) = preSolution
		HideSolutionNode = FALSE
	EndGlobalSection
	GlobalSection(ExtensibilityGlobals) = postSolution
		SolutionGuid = {937ABC58-7F6E-4F98-B6BB-73AAAB394C03}
	EndGlobalSection
EndGlobal
